// !$*UTF8*$!
{
	archiveVersion = 1;
	classes = {
	};
	objectVersion = 56;
	objects = {

/* Begin PBXBuildFile section */
		CEF2D0A02B51E3F60050E8F7 /* AppDelegate.swift in Sources */ = {isa = PBXBuildFile; fileRef = CEF2D09F2B51E3F60050E8F7 /* AppDelegate.swift */; };
		CEF2D0A22B51E3F60050E8F7 /* SceneDelegate.swift in Sources */ = {isa = PBXBuildFile; fileRef = CEF2D0A12B51E3F60050E8F7 /* SceneDelegate.swift */; };
		CEF2D0A42B51E3F60050E8F7 /* ProductViewController.swift in Sources */ = {isa = PBXBuildFile; fileRef = CEF2D0A32B51E3F60050E8F7 /* ProductViewController.swift */; };
		CEF2D0A92B51E3F70050E8F7 /* Assets.xcassets in Resources */ = {isa = PBXBuildFile; fileRef = CEF2D0A82B51E3F70050E8F7 /* Assets.xcassets */; };
		CEF2D0AC2B51E3F70050E8F7 /* LaunchScreen.storyboard in Resources */ = {isa = PBXBuildFile; fileRef = CEF2D0AA2B51E3F70050E8F7 /* LaunchScreen.storyboard */; };
		CEF2D0B92B5329330050E8F7 /* Products.swift in Sources */ = {isa = PBXBuildFile; fileRef = CEF2D0B82B5329330050E8F7 /* Products.swift */; };
		CEF2D0BB2B53C83D0050E8F7 /* ProductCollectionViewCell.swift in Sources */ = {isa = PBXBuildFile; fileRef = CEF2D0BA2B53C83D0050E8F7 /* ProductCollectionViewCell.swift */; };
		CEF2D0BE2B53CC9E0050E8F7 /* NetworkLayer.swift in Sources */ = {isa = PBXBuildFile; fileRef = CEF2D0BD2B53CC9E0050E8F7 /* NetworkLayer.swift */; };
/* End PBXBuildFile section */

/* Begin PBXFileReference section */
		CEF2D09C2B51E3F60050E8F7 /* homework3.app */ = {isa = PBXFileReference; explicitFileType = wrapper.application; includeInIndex = 0; path = homework3.app; sourceTree = BUILT_PRODUCTS_DIR; };
		CEF2D09F2B51E3F60050E8F7 /* AppDelegate.swift */ = {isa = PBXFileReference; lastKnownFileType = sourcecode.swift; path = AppDelegate.swift; sourceTree = "<group>"; };
		CEF2D0A12B51E3F60050E8F7 /* SceneDelegate.swift */ = {isa = PBXFileReference; lastKnownFileType = sourcecode.swift; path = SceneDelegate.swift; sourceTree = "<group>"; };
		CEF2D0A32B51E3F60050E8F7 /* ProductViewController.swift */ = {isa = PBXFileReference; lastKnownFileType = sourcecode.swift; path = ProductViewController.swift; sourceTree = "<group>"; };
		CEF2D0A82B51E3F70050E8F7 /* Assets.xcassets */ = {isa = PBXFileReference; lastKnownFileType = folder.assetcatalog; path = Assets.xcassets; sourceTree = "<group>"; };
		CEF2D0AB2B51E3F70050E8F7 /* Base */ = {isa = PBXFileReference; lastKnownFileType = file.storyboard; name = Base; path = Base.lproj/LaunchScreen.storyboard; sourceTree = "<group>"; };
		CEF2D0AD2B51E3F70050E8F7 /* Info.plist */ = {isa = PBXFileReference; lastKnownFileType = text.plist.xml; path = Info.plist; sourceTree = "<group>"; };
		CEF2D0B82B5329330050E8F7 /* Products.swift */ = {isa = PBXFileReference; lastKnownFileType = sourcecode.swift; path = Products.swift; sourceTree = "<group>"; };
		CEF2D0BA2B53C83D0050E8F7 /* ProductCollectionViewCell.swift */ = {isa = PBXFileReference; lastKnownFileType = sourcecode.swift; path = ProductCollectionViewCell.swift; sourceTree = "<group>"; };
		CEF2D0BD2B53CC9E0050E8F7 /* NetworkLayer.swift */ = {isa = PBXFileReference; lastKnownFileType = sourcecode.swift; path = NetworkLayer.swift; sourceTree = "<group>"; };
/* End PBXFileReference section */

/* Begin PBXFrameworksBuildPhase section */
		CEF2D0992B51E3F60050E8F7 /* Frameworks */ = {
			isa = PBXFrameworksBuildPhase;
			buildActionMask = 2147483647;
			files = (
			);
			runOnlyForDeploymentPostprocessing = 0;
		};
/* End PBXFrameworksBuildPhase section */

/* Begin PBXGroup section */
		CEF2D0932B51E3F50050E8F7 = {
			isa = PBXGroup;
			children = (
				CEF2D09E2B51E3F60050E8F7 /* homework3 */,
				CEF2D09D2B51E3F60050E8F7 /* Products */,
			);
			sourceTree = "<group>";
		};
		CEF2D09D2B51E3F60050E8F7 /* Products */ = {
			isa = PBXGroup;
			children = (
				CEF2D09C2B51E3F60050E8F7 /* homework3.app */,
			);
			name = Products;
			sourceTree = "<group>";
		};
		CEF2D09E2B51E3F60050E8F7 /* homework3 */ = {
			isa = PBXGroup;
			children = (
				CEF2D0B32B53271B0050E8F7 /* App */,
				CEF2D0B72B5327570050E8F7 /* Model */,
				CEF2D0B42B5327280050E8F7 /* Modules */,
				CEF2D0B62B53273F0050E8F7 /* Resources */,
				CEF2D0AD2B51E3F70050E8F7 /* Info.plist */,
			);
			path = homework3;
			sourceTree = "<group>";
		};
		CEF2D0B32B53271B0050E8F7 /* App */ = {
			isa = PBXGroup;
			children = (
				CEF2D09F2B51E3F60050E8F7 /* AppDelegate.swift */,
				CEF2D0A12B51E3F60050E8F7 /* SceneDelegate.swift */,
			);
			path = App;
			sourceTree = "<group>";
		};
		CEF2D0B42B5327280050E8F7 /* Modules */ = {
			isa = PBXGroup;
			children = (
				CEF2D0B52B53272E0050E8F7 /* Controllers */,
			);
			path = Modules;
			sourceTree = "<group>";
		};
		CEF2D0B52B53272E0050E8F7 /* Controllers */ = {
			isa = PBXGroup;
			children = (
				CEF2D0A32B51E3F60050E8F7 /* ProductViewController.swift */,
			);
			path = Controllers;
			sourceTree = "<group>";
		};
		CEF2D0B62B53273F0050E8F7 /* Resources */ = {
			isa = PBXGroup;
			children = (
				CEF2D0A82B51E3F70050E8F7 /* Assets.xcassets */,
				CEF2D0AA2B51E3F70050E8F7 /* LaunchScreen.storyboard */,
			);
			path = Resources;
			sourceTree = "<group>";
		};
		CEF2D0B72B5327570050E8F7 /* Model */ = {
			isa = PBXGroup;
			children = (
				CEF2D0BA2B53C83D0050E8F7 /* ProductCollectionViewCell.swift */,
				CEF2D0BC2B53CC770050E8F7 /* Network */,
				CEF2D0BF2B5454130050E8F7 /* DTOs */,
			);
			path = Model;
			sourceTree = "<group>";
		};
		CEF2D0BC2B53CC770050E8F7 /* Network */ = {
			isa = PBXGroup;
			children = (
				CEF2D0BD2B53CC9E0050E8F7 /* NetworkLayer.swift */,
			);
			path = Network;
			sourceTree = "<group>";
		};
		CEF2D0BF2B5454130050E8F7 /* DTOs */ = {
			isa = PBXGroup;
			children = (
				CEF2D0B82B5329330050E8F7 /* Products.swift */,
			);
			path = DTOs;
			sourceTree = "<group>";
		};
/* End PBXGroup section */

/* Begin PBXNativeTarget section */
		CEF2D09B2B51E3F60050E8F7 /* homework3 */ = {
			isa = PBXNativeTarget;
			buildConfigurationList = CEF2D0B02B51E3F70050E8F7 /* Build configuration list for PBXNativeTarget "homework3" */;
			buildPhases = (
				CEF2D0982B51E3F60050E8F7 /* Sources */,
				CEF2D0992B51E3F60050E8F7 /* Frameworks */,
				CEF2D09A2B51E3F60050E8F7 /* Resources */,
			);
			buildRules = (
			);
			dependencies = (
			);
			name = homework3;
			productName = homework3;
			productReference = CEF2D09C2B51E3F60050E8F7 /* homework3.app */;
			productType = "com.apple.product-type.application";
		};
/* End PBXNativeTarget section */

/* Begin PBXProject section */
		CEF2D0942B51E3F50050E8F7 /* Project object */ = {
			isa = PBXProject;
			attributes = {
				BuildIndependentTargetsInParallel = 1;
				LastSwiftUpdateCheck = 1400;
				LastUpgradeCheck = 1400;
				TargetAttributes = {
					CEF2D09B2B51E3F60050E8F7 = {
						CreatedOnToolsVersion = 14.0;
					};
				};
			};
			buildConfigurationList = CEF2D0972B51E3F50050E8F7 /* Build configuration list for PBXProject "homework3" */;
			compatibilityVersion = "Xcode 14.0";
			developmentRegion = en;
			hasScannedForEncodings = 0;
			knownRegions = (
				en,
				Base,
			);
			mainGroup = CEF2D0932B51E3F50050E8F7;
			productRefGroup = CEF2D09D2B51E3F60050E8F7 /* Products */;
			projectDirPath = "";
			projectRoot = "";
			targets = (
				CEF2D09B2B51E3F60050E8F7 /* homework3 */,
			);
		};
/* End PBXProject section */

/* Begin PBXResourcesBuildPhase section */
		CEF2D09A2B51E3F60050E8F7 /* Resources */ = {
			isa = PBXResourcesBuildPhase;
			buildActionMask = 2147483647;
			files = (
				CEF2D0AC2B51E3F70050E8F7 /* LaunchScreen.storyboard in Resources */,
				CEF2D0A92B51E3F70050E8F7 /* Assets.xcassets in Resources */,
			);
			runOnlyForDeploymentPostprocessing = 0;
		};
/* End PBXResourcesBuildPhase section */

/* Begin PBXSourcesBuildPhase section */
		CEF2D0982B51E3F60050E8F7 /* Sources */ = {
			isa = PBXSourcesBuildPhase;
			buildActionMask = 2147483647;
			files = (
				CEF2D0BE2B53CC9E0050E8F7 /* NetworkLayer.swift in Sources */,
				CEF2D0BB2B53C83D0050E8F7 /* ProductCollectionViewCell.swift in Sources */,
				CEF2D0A42B51E3F60050E8F7 /* ProductViewController.swift in Sources */,
				CEF2D0B92B5329330050E8F7 /* Products.swift in Sources */,
				CEF2D0A02B51E3F60050E8F7 /* AppDelegate.swift in Sources */,
				CEF2D0A22B51E3F60050E8F7 /* SceneDelegate.swift in Sources */,
			);
			runOnlyForDeploymentPostprocessing = 0;
		};
/* End PBXSourcesBuildPhase section */

/* Begin PBXVariantGroup section */
		CEF2D0AA2B51E3F70050E8F7 /* LaunchScreen.storyboard */ = {
			isa = PBXVariantGroup;
			children = (
				CEF2D0AB2B51E3F70050E8F7 /* Base */,
			);
			name = LaunchScreen.storyboard;
			sourceTree = "<group>";
		};
/* End PBXVariantGroup section */

/* Begin XCBuildConfiguration section */
		CEF2D0AE2B51E3F70050E8F7 /* Debug */ = {
			isa = XCBuildConfiguration;
			buildSettings = {
				ALWAYS_SEARCH_USER_PATHS = NO;
				CLANG_ANALYZER_NONNULL = YES;
				CLANG_ANALYZER_NUMBER_OBJECT_CONVERSION = YES_AGGRESSIVE;
				CLANG_CXX_LANGUAGE_STANDARD = "gnu++20";
				CLANG_ENABLE_MODULES = YES;
				CLANG_ENABLE_OBJC_ARC = YES;
				CLANG_ENABLE_OBJC_WEAK = YES;
				CLANG_WARN_BLOCK_CAPTURE_AUTORELEASING = YES;
				CLANG_WARN_BOOL_CONVERSION = YES;
				CLANG_WARN_COMMA = YES;
				CLANG_WARN_CONSTANT_CONVERSION = YES;
				CLANG_WARN_DEPRECATED_OBJC_IMPLEMENTATIONS = YES;
				CLANG_WARN_DIRECT_OBJC_ISA_USAGE = YES_ERROR;
				CLANG_WARN_DOCUMENTATION_COMMENTS = YES;
				CLANG_WARN_EMPTY_BODY = YES;
				CLANG_WARN_ENUM_CONVERSION = YES;
				CLANG_WARN_INFINITE_RECURSION = YES;
				CLANG_WARN_INT_CONVERSION = YES;
				CLANG_WARN_NON_LITERAL_NULL_CONVERSION = YES;
				CLANG_WARN_OBJC_IMPLICIT_RETAIN_SELF = YES;
				CLANG_WARN_OBJC_LITERAL_CONVERSION = YES;
				CLANG_WARN_OBJC_ROOT_CLASS = YES_ERROR;
				CLANG_WARN_QUOTED_INCLUDE_IN_FRAMEWORK_HEADER = YES;
				CLANG_WARN_RANGE_LOOP_ANALYSIS = YES;
				CLANG_WARN_STRICT_PROTOTYPES = YES;
				CLANG_WARN_SUSPICIOUS_MOVE = YES;
				CLANG_WARN_UNGUARDED_AVAILABILITY = YES_AGGRESSIVE;
				CLANG_WARN_UNREACHABLE_CODE = YES;
				CLANG_WARN__DUPLICATE_METHOD_MATCH = YES;
				COPY_PHASE_STRIP = NO;
				DEBUG_INFORMATION_FORMAT = dwarf;
				ENABLE_STRICT_OBJC_MSGSEND = YES;
				ENABLE_TESTABILITY = YES;
				GCC_C_LANGUAGE_STANDARD = gnu11;
				GCC_DYNAMIC_NO_PIC = NO;
				GCC_NO_COMMON_BLOCKS = YES;
				GCC_OPTIMIZATION_LEVEL = 0;
				GCC_PREPROCESSOR_DEFINITIONS = (
					"DEBUG=1",
					"$(inherited)",
				);
				GCC_WARN_64_TO_32_BIT_CONVERSION = YES;
				GCC_WARN_ABOUT_RETURN_TYPE = YES_ERROR;
				GCC_WARN_UNDECLARED_SELECTOR = YES;
				GCC_WARN_UNINITIALIZED_AUTOS = YES_AGGRESSIVE;
				GCC_WARN_UNUSED_FUNCTION = YES;
				GCC_WARN_UNUSED_VARIABLE = YES;
				IPHONEOS_DEPLOYMENT_TARGET = 16.0;
				MTL_ENABLE_DEBUG_INFO = INCLUDE_SOURCE;
				MTL_FAST_MATH = YES;
				ONLY_ACTIVE_ARCH = YES;
				SDKROOT = iphoneos;
				SWIFT_ACTIVE_COMPILATION_CONDITIONS = DEBUG;
				SWIFT_OPTIMIZATION_LEVEL = "-Onone";
			};
			name = Debug;
		};
		CEF2D0AF2B51E3F70050E8F7 /* Release */ = {
			isa = XCBuildConfiguration;
			buildSettings = {
				ALWAYS_SEARCH_USER_PATHS = NO;
				CLANG_ANALYZER_NONNULL = YES;
				CLANG_ANALYZER_NUMBER_OBJECT_CONVERSION = YES_AGGRESSIVE;
				CLANG_CXX_LANGUAGE_STANDARD = "gnu++20";
				CLANG_ENABLE_MODULES = YES;
				CLANG_ENABLE_OBJC_ARC = YES;
				CLANG_ENABLE_OBJC_WEAK = YES;
				CLANG_WARN_BLOCK_CAPTURE_AUTORELEASING = YES;
				CLANG_WARN_BOOL_CONVERSION = YES;
				CLANG_WARN_COMMA = YES;
				CLANG_WARN_CONSTANT_CONVERSION = YES;
				CLANG_WARN_DEPRECATED_OBJC_IMPLEMENTATIONS = YES;
				CLANG_WARN_DIRECT_OBJC_ISA_USAGE = YES_ERROR;
				CLANG_WARN_DOCUMENTATION_COMMENTS = YES;
				CLANG_WARN_EMPTY_BODY = YES;
				CLANG_WARN_ENUM_CONVERSION = YES;
				CLANG_WARN_INFINITE_RECURSION = YES;
				CLANG_WARN_INT_CONVERSION = YES;
				CLANG_WARN_NON_LITERAL_NULL_CONVERSION = YES;
				CLANG_WARN_OBJC_IMPLICIT_RETAIN_SELF = YES;
				CLANG_WARN_OBJC_LITERAL_CONVERSION = YES;
				CLANG_WARN_OBJC_ROOT_CLASS = YES_ERROR;
				CLANG_WARN_QUOTED_INCLUDE_IN_FRAMEWORK_HEADER = YES;
				CLANG_WARN_RANGE_LOOP_ANALYSIS = YES;
				CLANG_WARN_STRICT_PROTOTYPES = YES;
				CLANG_WARN_SUSPICIOUS_MOVE = YES;
				CLANG_WARN_UNGUARDED_AVAILABILITY = YES_AGGRESSIVE;
				CLANG_WARN_UNREACHABLE_CODE = YES;
				CLANG_WARN__DUPLICATE_METHOD_MATCH = YES;
				COPY_PHASE_STRIP = NO;
				DEBUG_INFORMATION_FORMAT = "dwarf-with-dsym";
				ENABLE_NS_ASSERTIONS = NO;
				ENABLE_STRICT_OBJC_MSGSEND = YES;
				GCC_C_LANGUAGE_STANDARD = gnu11;
				GCC_NO_COMMON_BLOCKS = YES;
				GCC_WARN_64_TO_32_BIT_CONVERSION = YES;
				GCC_WARN_ABOUT_RETURN_TYPE = YES_ERROR;
				GCC_WARN_UNDECLARED_SELECTOR = YES;
				GCC_WARN_UNINITIALIZED_AUTOS = YES_AGGRESSIVE;
				GCC_WARN_UNUSED_FUNCTION = YES;
				GCC_WARN_UNUSED_VARIABLE = YES;
				IPHONEOS_DEPLOYMENT_TARGET = 16.0;
				MTL_ENABLE_DEBUG_INFO = NO;
				MTL_FAST_MATH = YES;
				SDKROOT = iphoneos;
				SWIFT_COMPILATION_MODE = wholemodule;
				SWIFT_OPTIMIZATION_LEVEL = "-O";
				VALIDATE_PRODUCT = YES;
			};
			name = Release;
		};
		CEF2D0B12B51E3F70050E8F7 /* Debug */ = {
			isa = XCBuildConfiguration;
			buildSettings = {
				ASSETCATALOG_COMPILER_APPICON_NAME = AppIcon;
				ASSETCATALOG_COMPILER_GLOBAL_ACCENT_COLOR_NAME = AccentColor;
				CODE_SIGN_STYLE = Automatic;
				CURRENT_PROJECT_VERSION = 1;
				DEVELOPMENT_TEAM = 3WQN3TSW6L;
				GENERATE_INFOPLIST_FILE = YES;
				INFOPLIST_FILE = homework3/Info.plist;
				INFOPLIST_KEY_UIApplicationSupportsIndirectInputEvents = YES;
				INFOPLIST_KEY_UILaunchStoryboardName = LaunchScreen;
				INFOPLIST_KEY_UISupportedInterfaceOrientations_iPad = "UIInterfaceOrientationPortrait UIInterfaceOrientationPortraitUpsideDown UIInterfaceOrientationLandscapeLeft UIInterfaceOrientationLandscapeRight";
				INFOPLIST_KEY_UISupportedInterfaceOrientations_iPhone = "UIInterfaceOrientationPortrait UIInterfaceOrientationLandscapeLeft UIInterfaceOrientationLandscapeRight";
				LD_RUNPATH_SEARCH_PATHS = (
					"$(inherited)",
					"@executable_path/Frameworks",
				);
				MARKETING_VERSION = 1.0;
				PRODUCT_BUNDLE_IDENTIFIER = "month-6.homework3";
				PRODUCT_NAME = "$(TARGET_NAME)";
				SWIFT_EMIT_LOC_STRINGS = YES;
				SWIFT_VERSION = 5.0;
				TARGETED_DEVICE_FAMILY = "1,2";
			};
			name = Debug;
		};
		CEF2D0B22B51E3F70050E8F7 /* Release */ = {
			isa = XCBuildConfiguration;
			buildSettings = {
				ASSETCATALOG_COMPILER_APPICON_NAME = AppIcon;
				ASSETCATALOG_COMPILER_GLOBAL_ACCENT_COLOR_NAME = AccentColor;
				CODE_SIGN_STYLE = Automatic;
				CURRENT_PROJECT_VERSION = 1;
				DEVELOPMENT_TEAM = 3WQN3TSW6L;
				GENERATE_INFOPLIST_FILE = YES;
				INFOPLIST_FILE = homework3/Info.plist;
				INFOPLIST_KEY_UIApplicationSupportsIndirectInputEvents = YES;
				INFOPLIST_KEY_UILaunchStoryboardName = LaunchScreen;
				INFOPLIST_KEY_UISupportedInterfaceOrientations_iPad = "UIInterfaceOrientationPortrait UIInterfaceOrientationPortraitUpsideDown UIInterfaceOrientationLandscapeLeft UIInterfaceOrientationLandscapeRight";
				INFOPLIST_KEY_UISupportedInterfaceOrientations_iPhone = "UIInterfaceOrientationPortrait UIInterfaceOrientationLandscapeLeft UIInterfaceOrientationLandscapeRight";
				LD_RUNPATH_SEARCH_PATHS = (
					"$(inherited)",
					"@executable_path/Frameworks",
				);
				MARKETING_VERSION = 1.0;
				PRODUCT_BUNDLE_IDENTIFIER = "month-6.homework3";
				PRODUCT_NAME = "$(TARGET_NAME)";
				SWIFT_EMIT_LOC_STRINGS = YES;
				SWIFT_VERSION = 5.0;
				TARGETED_DEVICE_FAMILY = "1,2";
			};
			name = Release;
		};
/* End XCBuildConfiguration section */

/* Begin XCConfigurationList section */
		CEF2D0972B51E3F50050E8F7 /* Build configuration list for PBXProject "homework3" */ = {
			isa = XCConfigurationList;
			buildConfigurations = (
				CEF2D0AE2B51E3F70050E8F7 /* Debug */,
				CEF2D0AF2B51E3F70050E8F7 /* Release */,
			);
			defaultConfigurationIsVisible = 0;
			defaultConfigurationName = Release;
		};
		CEF2D0B02B51E3F70050E8F7 /* Build configuration list for PBXNativeTarget "homework3" */ = {
			isa = XCConfigurationList;
			buildConfigurations = (
				CEF2D0B12B51E3F70050E8F7 /* Debug */,
				CEF2D0B22B51E3F70050E8F7 /* Release */,
			);
			defaultConfigurationIsVisible = 0;
			defaultConfigurationName = Release;
		};
/* End XCConfigurationList section */
	};
	rootObject = CEF2D0942B51E3F50050E8F7 /* Project object */;
}
